
Microsoft Visual Studio Solution File, Format Version 12.00
# Visual Studio 16
Project("{FAE04EC0-301F-11D3-BF4B-00C04F79EFBC}") = "VuforiaScripts", "VuforiaScripts.csproj", "{50ACDDC4-81F3-26D4-B739-03471295548E}"
EndProject
Project("{FAE04EC0-301F-11D3-BF4B-00C04F79EFBC}") = "Assembly-CSharp", "Assembly-CSharp.csproj", "{747D2528-C0EE-27D0-36C6-7C7C58A6F6EA}"
EndProject
Project("{FAE04EC0-301F-11D3-BF4B-00C04F79EFBC}") = "VuforiaEditorScripts", "VuforiaEditorScripts.csproj", "{D139BA1C-9740-6210-B6A5-B14B31DC0E51}"
EndProject
Global
	GlobalSection(SolutionConfigurationPlatforms) = preSolution
		Debug|Any CPU = Debug|Any CPU
		Release|Any CPU = Release|Any CPU
	EndGlobalSection
	GlobalSection(ProjectConfigurationPlatforms) = postSolution
		{50ACDDC4-81F3-26D4-B739-03471295548E}.Debug|Any CPU.ActiveCfg = Debug|Any CPU
		{50ACDDC4-81F3-26D4-B739-03471295548E}.Debug|Any CPU.Build.0 = Debug|Any CPU
		{50ACDDC4-81F3-26D4-B739-03471295548E}.Release|Any CPU.ActiveCfg = Release|Any CPU
		{50ACDDC4-81F3-26D4-B739-03471295548E}.Release|Any CPU.Build.0 = Release|Any CPU
		{747D2528-C0EE-27D0-36C6-7C7C58A6F6EA}.Debug|Any CPU.ActiveCfg = Debug|Any CPU
		{747D2528-C0EE-27D0-36C6-7C7C58A6F6EA}.Debug|Any CPU.Build.0 = Debug|Any CPU
		{747D2528-C0EE-27D0-36C6-7C7C58A6F6EA}.Release|Any CPU.ActiveCfg = Release|Any CPU
		{747D2528-C0EE-27D0-36C6-7C7C58A6F6EA}.Release|Any CPU.Build.0 = Release|Any CPU
		{D139BA1C-9740-6210-B6A5-B14B31DC0E51}.Debug|Any CPU.ActiveCfg = Debug|Any CPU
		{D139BA1C-9740-6210-B6A5-B14B31DC0E51}.Debug|Any CPU.Build.0 = Debug|Any CPU
		{D139BA1C-9740-6210-B6A5-B14B31DC0E51}.Release|Any CPU.ActiveCfg = Release|Any CPU
		{D139BA1C-9740-6210-B6A5-B14B31DC0E51}.Release|Any CPU.Build.0 = Release|Any CPU
	EndGlobalSection
	GlobalSection(SolutionProperties) = preSolution
		HideSolutionNode = FALSE
	EndGlobalSection
	GlobalSection(MonoDevelopProperties) = preSolution
		StartupItem = Assembly-CSharp.csproj
	EndGlobalSection
EndGlobal
